
Microsoft Visual Studio Solution File, Format Version 12.00
# Visual Studio Version 17
VisualStudioVersion = 17.1.32421.90
MinimumVisualStudioVersion = 10.0.40219.1
Project("{9A19103F-16F7-4668-BE54-9A1E7A4F7556}") = "ChallengeTheFlock1.0", "ChallengeTheFlock1.0.csproj", "{EB1A7877-610D-4186-8CF7-54191BA65543}"
EndProject
Project("{FAE04EC0-301F-11D3-BF4B-00C04F79EFBC}") = "UnitTest1", "..\UnitTest1\UnitTest1.csproj", "{6435F238-CA75-45B6-80AB-C8BD9365C45A}"
EndProject
Global
	GlobalSection(SolutionConfigurationPlatforms) = preSolution
		Debug|Any CPU = Debug|Any CPU
		Release|Any CPU = Release|Any CPU
	EndGlobalSection
	GlobalSection(ProjectConfigurationPlatforms) = postSolution
		{EB1A7877-610D-4186-8CF7-54191BA65543}.Debug|Any CPU.ActiveCfg = Debug|Any CPU
		{EB1A7877-610D-4186-8CF7-54191BA65543}.Debug|Any CPU.Build.0 = Debug|Any CPU
		{EB1A7877-610D-4186-8CF7-54191BA65543}.Release|Any CPU.ActiveCfg = Release|Any CPU
		{EB1A7877-610D-4186-8CF7-54191BA65543}.Release|Any CPU.Build.0 = Release|Any CPU
		{6435F238-CA75-45B6-80AB-C8BD9365C45A}.Debug|Any CPU.ActiveCfg = Debug|Any CPU
		{6435F238-CA75-45B6-80AB-C8BD9365C45A}.Debug|Any CPU.Build.0 = Debug|Any CPU
		{6435F238-CA75-45B6-80AB-C8BD9365C45A}.Release|Any CPU.ActiveCfg = Release|Any CPU
		{6435F238-CA75-45B6-80AB-C8BD9365C45A}.Release|Any CPU.Build.0 = Release|Any CPU
	EndGlobalSection
	GlobalSection(SolutionProperties) = preSolution
		HideSolutionNode = FALSE
	EndGlobalSection
	GlobalSection(ExtensibilityGlobals) = postSolution
		SolutionGuid = {17354A11-0F0C-4F19-9912-75CDA5B89BAF}
	EndGlobalSection
EndGlobal
